
Microsoft Visual Studio Solution File, Format Version 12.00
# Visual Studio Version 17
VisualStudioVersion = 17.13.35919.96 d17.13
MinimumVisualStudioVersion = 10.0.40219.1
Project("{FAE04EC0-301F-11D3-BF4B-00C04F79EFBC}") = "JWTApp", "JWTApp\JWTApp.csproj", "{848BB329-401E-4734-BDE2-DA7BCA5BEC48}"
EndProject
Global
	GlobalSection(SolutionConfigurationPlatforms) = preSolution
		Debug|Any CPU = Debug|Any CPU
		Release|Any CPU = Release|Any CPU
	EndGlobalSection
	GlobalSection(ProjectConfigurationPlatforms) = postSolution
		{848BB329-401E-4734-BDE2-DA7BCA5BEC48}.Debug|Any CPU.ActiveCfg = Debug|Any CPU
		{848BB329-401E-4734-BDE2-DA7BCA5BEC48}.Debug|Any CPU.Build.0 = Debug|Any CPU
		{848BB329-401E-4734-BDE2-DA7BCA5BEC48}.Release|Any CPU.ActiveCfg = Release|Any CPU
		{848BB329-401E-4734-BDE2-DA7BCA5BEC48}.Release|Any CPU.Build.0 = Release|Any CPU
	EndGlobalSection
	GlobalSection(SolutionProperties) = preSolution
		HideSolutionNode = FALSE
	EndGlobalSection
	GlobalSection(ExtensibilityGlobals) = postSolution
		SolutionGuid = {050C8BAC-3854-4A32-AFA8-53D62CDB5899}
	EndGlobalSection
EndGlobal
